
Microsoft Visual Studio Solution File, Format Version 12.00
# Visual Studio Version 16
VisualStudioVersion = 16.0.32002.261
MinimumVisualStudioVersion = 10.0.40219.1
Project("{8BC9CEB8-8B4A-11D0-8D11-00A0C91BC942}") = "VisualStudio", "VisualStudio.vcxproj", "{EE97BA54-CDEE-4068-94FD-253C0B072615}"
EndProject
Global
	GlobalSection(SolutionConfigurationPlatforms) = preSolution
		Debug|x86 = Debug|x86
		Release|x86 = Release|x86
	EndGlobalSection
	GlobalSection(ProjectConfigurationPlatforms) = postSolution
		{EE97BA54-CDEE-4068-94FD-253C0B072615}.Debug|x64.ActiveCfg = Debug|Win32
		{EE97BA54-CDEE-4068-94FD-253C0B072615}.Debug|x86.ActiveCfg = Debug|Win32
		{EE97BA54-CDEE-4068-94FD-253C0B072615}.Debug|x86.Build.0 = Debug|Win32
		{EE97BA54-CDEE-4068-94FD-253C0B072615}.Release|x64.ActiveCfg = Release|Win32
		{EE97BA54-CDEE-4068-94FD-253C0B072615}.Release|x86.ActiveCfg = Release|Win32
		{EE97BA54-CDEE-4068-94FD-253C0B072615}.Release|x86.Build.0 = Release|Win32
	EndGlobalSection
	GlobalSection(SolutionProperties) = preSolution
		HideSolutionNode = FALSE
	EndGlobalSection
	GlobalSection(ExtensibilityGlobals) = postSolution
		SolutionGuid = {AA14384C-A800-4DED-B01C-2E1FA7BF6901}
	EndGlobalSection
EndGlobal
